// !$*UTF8*$!
{
	archiveVersion = 1;
	classes = {
	};
	objectVersion = 77;
	objects = {

/* Begin PBXBuildFile section */
		E46B65992F449138005F5C8A /* WidgetKit.framework in Frameworks */ = {isa = PBXBuildFile; fileRef = E46B65982F449138005F5C8A /* WidgetKit.framework */; };
		E46B659B2F449138005F5C8A /* SwiftUI.framework in Frameworks */ = {isa = PBXBuildFile; fileRef = E46B659A2F449138005F5C8A /* SwiftUI.framework */; };
		E46B65AA2F44913A005F5C8A /* PassMeterWidgetExtension.appex in Embed Foundation Extensions */ = {isa = PBXBuildFile; fileRef = E46B65962F449138005F5C8A /* PassMeterWidgetExtension.appex */; settings = {ATTRIBUTES = (RemoveHeadersOnCopy, ); }; };
/* End PBXBuildFile section */

/* Begin PBXContainerItemProxy section */
		E46B65A82F44913A005F5C8A /* PBXContainerItemProxy */ = {
			isa = PBXContainerItemProxy;
			containerPortal = E47CF3302F43ABDB0097A4AC /* Project object */;
			proxyType = 1;
			remoteGlobalIDString = E46B65952F449138005F5C8A;
			remoteInfo = PassMeterWidgetExtension;
		};
		E47CF3482F43ABDE0097A4AC /* PBXContainerItemProxy */ = {
			isa = PBXContainerItemProxy;
			containerPortal = E47CF3302F43ABDB0097A4AC /* Project object */;
			proxyType = 1;
			remoteGlobalIDString = E47CF3372F43ABDB0097A4AC;
			remoteInfo = PassMeter;
		};
		E47CF3522F43ABDE0097A4AC /* PBXContainerItemProxy */ = {
			isa = PBXContainerItemProxy;
			containerPortal = E47CF3302F43ABDB0097A4AC /* Project object */;
			proxyType = 1;
			remoteGlobalIDString = E47CF3372F43ABDB0097A4AC;
			remoteInfo = PassMeter;
		};
/* End PBXContainerItemProxy section */

/* Begin PBXCopyFilesBuildPhase section */
		E46B65AB2F44913A005F5C8A /* Embed Foundation Extensions */ = {
			isa = PBXCopyFilesBuildPhase;
			buildActionMask = 2147483647;
			dstPath = "";
			dstSubfolderSpec = 13;
			files = (
				E46B65AA2F44913A005F5C8A /* PassMeterWidgetExtension.appex in Embed Foundation Extensions */,
			);
			name = "Embed Foundation Extensions";
			runOnlyForDeploymentPostprocessing = 0;
		};
/* End PBXCopyFilesBuildPhase section */

/* Begin PBXFileReference section */
		E46B65962F449138005F5C8A /* PassMeterWidgetExtension.appex */ = {isa = PBXFileReference; explicitFileType = "wrapper.app-extension"; includeInIndex = 0; path = PassMeterWidgetExtension.appex; sourceTree = BUILT_PRODUCTS_DIR; };
		E46B65982F449138005F5C8A /* WidgetKit.framework */ = {isa = PBXFileReference; lastKnownFileType = wrapper.framework; name = WidgetKit.framework; path = System/Library/Frameworks/WidgetKit.framework; sourceTree = SDKROOT; };
		E46B659A2F449138005F5C8A /* SwiftUI.framework */ = {isa = PBXFileReference; lastKnownFileType = wrapper.framework; name = SwiftUI.framework; path = System/Library/Frameworks/SwiftUI.framework; sourceTree = SDKROOT; };
		E47CF3382F43ABDB0097A4AC /* PassMeter.app */ = {isa = PBXFileReference; explicitFileType = wrapper.application; includeInIndex = 0; path = PassMeter.app; sourceTree = BUILT_PRODUCTS_DIR; };
		E47CF3472F43ABDE0097A4AC /* PassMeterTests.xctest */ = {isa = PBXFileReference; explicitFileType = wrapper.cfbundle; includeInIndex = 0; path = PassMeterTests.xctest; sourceTree = BUILT_PRODUCTS_DIR; };
		E47CF3512F43ABDE0097A4AC /* PassMeterUITests.xctest */ = {isa = PBXFileReference; explicitFileType = wrapper.cfbundle; includeInIndex = 0; path = PassMeterUITests.xctest; sourceTree = BUILT_PRODUCTS_DIR; };
/* End PBXFileReference section */

/* Begin PBXFileSystemSynchronizedBuildFileExceptionSet section */
		E4245CAE2F4507AF008B432C /* Exceptions for "PassMeterWidget" folder in "PassMeterWidgetExtension" target */ = {
			isa = PBXFileSystemSynchronizedBuildFileExceptionSet;
			membershipExceptions = (
				Info.plist,
			);
			target = E46B65952F449138005F5C8A /* PassMeterWidgetExtension */;
		};
		E46B65B12F44924F005F5C8A /* Exceptions for "PassMeter" folder in "PassMeterWidgetExtension" target */ = {
			isa = PBXFileSystemSynchronizedBuildFileExceptionSet;
			membershipExceptions = (
				Item.swift,
			);
			target = E46B65952F449138005F5C8A /* PassMeterWidgetExtension */;
		};
/* End PBXFileSystemSynchronizedBuildFileExceptionSet section */

/* Begin PBXFileSystemSynchronizedRootGroup section */
		E46B659C2F449138005F5C8A /* PassMeterWidget */ = {
			isa = PBXFileSystemSynchronizedRootGroup;
			exceptions = (
				E4245CAE2F4507AF008B432C /* Exceptions for "PassMeterWidget" folder in "PassMeterWidgetExtension" target */,
			);
			path = PassMeterWidget;
			sourceTree = "<group>";
		};
		E47CF33A2F43ABDB0097A4AC /* PassMeter */ = {
			isa = PBXFileSystemSynchronizedRootGroup;
			exceptions = (
				E46B65B12F44924F005F5C8A /* Exceptions for "PassMeter" folder in "PassMeterWidgetExtension" target */,
			);
			path = PassMeter;
			sourceTree = "<group>";
		};
		E47CF34A2F43ABDE0097A4AC /* PassMeterTests */ = {
			isa = PBXFileSystemSynchronizedRootGroup;
			path = PassMeterTests;
			sourceTree = "<group>";
		};
		E47CF3542F43ABDE0097A4AC /* PassMeterUITests */ = {
			isa = PBXFileSystemSynchronizedRootGroup;
			path = PassMeterUITests;
			sourceTree = "<group>";
		};
/* End PBXFileSystemSynchronizedRootGroup section */

/* Begin PBXFrameworksBuildPhase section */
		E46B65932F449138005F5C8A /* Frameworks */ = {
			isa = PBXFrameworksBuildPhase;
			buildActionMask = 2147483647;
			files = (
				E46B659B2F449138005F5C8A /* SwiftUI.framework in Frameworks */,
				E46B65992F449138005F5C8A /* WidgetKit.framework in Frameworks */,
			);
			runOnlyForDeploymentPostprocessing = 0;
		};
		E47CF3352F43ABDB0097A4AC /* Frameworks */ = {
			isa = PBXFrameworksBuildPhase;
			buildActionMask = 2147483647;
			files = (
			);
			runOnlyForDeploymentPostprocessing = 0;
		};
		E47CF3442F43ABDE0097A4AC /* Frameworks */ = {
			isa = PBXFrameworksBuildPhase;
			buildActionMask = 2147483647;
			files = (
			);
			runOnlyForDeploymentPostprocessing = 0;
		};
		E47CF34E2F43ABDE0097A4AC /* Frameworks */ = {
			isa = PBXFrameworksBuildPhase;
			buildActionMask = 2147483647;
			files = (
			);
			runOnlyForDeploymentPostprocessing = 0;
		};
/* End PBXFrameworksBuildPhase section */

/* Begin PBXGroup section */
		E46B65972F449138005F5C8A /* Frameworks */ = {
			isa = PBXGroup;
			children = (
				E46B65982F449138005F5C8A /* WidgetKit.framework */,
				E46B659A2F449138005F5C8A /* SwiftUI.framework */,
			);
			name = Frameworks;
			sourceTree = "<group>";
		};
		E47CF32F2F43ABDB0097A4AC = {
			isa = PBXGroup;
			children = (
				E47CF33A2F43ABDB0097A4AC /* PassMeter */,
				E47CF34A2F43ABDE0097A4AC /* PassMeterTests */,
				E47CF3542F43ABDE0097A4AC /* PassMeterUITests */,
				E46B659C2F449138005F5C8A /* PassMeterWidget */,
				E46B65972F449138005F5C8A /* Frameworks */,
				E47CF3392F43ABDB0097A4AC /* Products */,
			);
			sourceTree = "<group>";
		};
		E47CF3392F43ABDB0097A4AC /* Products */ = {
			isa = PBXGroup;
			children = (
				E47CF3382F43ABDB0097A4AC /* PassMeter.app */,
				E47CF3472F43ABDE0097A4AC /* PassMeterTests.xctest */,
				E47CF3512F43ABDE0097A4AC /* PassMeterUITests.xctest */,
				E46B65962F449138005F5C8A /* PassMeterWidgetExtension.appex */,
			);
			name = Products;
			sourceTree = "<group>";
		};
/* End PBXGroup section */

/* Begin PBXNativeTarget section */
		E46B65952F449138005F5C8A /* PassMeterWidgetExtension */ = {
			isa = PBXNativeTarget;
			buildConfigurationList = E46B65AF2F44913A005F5C8A /* Build configuration list for PBXNativeTarget "PassMeterWidgetExtension" */;
			buildPhases = (
				E46B65922F449138005F5C8A /* Sources */,
				E46B65932F449138005F5C8A /* Frameworks */,
				E46B65942F449138005F5C8A /* Resources */,
			);
			buildRules = (
			);
			dependencies = (
			);
			fileSystemSynchronizedGroups = (
				E46B659C2F449138005F5C8A /* PassMeterWidget */,
			);
			name = PassMeterWidgetExtension;
			packageProductDependencies = (
			);
			productName = PassMeterWidgetExtension;
			productReference = E46B65962F449138005F5C8A /* PassMeterWidgetExtension.appex */;
			productType = "com.apple.product-type.app-extension";
		};
		E47CF3372F43ABDB0097A4AC /* PassMeter */ = {
			isa = PBXNativeTarget;
			buildConfigurationList = E47CF35B2F43ABDE0097A4AC /* Build configuration list for PBXNativeTarget "PassMeter" */;
			buildPhases = (
				E47CF3342F43ABDB0097A4AC /* Sources */,
				E47CF3352F43ABDB0097A4AC /* Frameworks */,
				E47CF3362F43ABDB0097A4AC /* Resources */,
				E46B65AB2F44913A005F5C8A /* Embed Foundation Extensions */,
			);
			buildRules = (
			);
			dependencies = (
				E46B65A92F44913A005F5C8A /* PBXTargetDependency */,
			);
			fileSystemSynchronizedGroups = (
				E47CF33A2F43ABDB0097A4AC /* PassMeter */,
			);
			name = PassMeter;
			packageProductDependencies = (
			);
			productName = PassMeter;
			productReference = E47CF3382F43ABDB0097A4AC /* PassMeter.app */;
			productType = "com.apple.product-type.application";
		};
		E47CF3462F43ABDE0097A4AC /* PassMeterTests */ = {
			isa = PBXNativeTarget;
			buildConfigurationList = E47CF35E2F43ABDE0097A4AC /* Build configuration list for PBXNativeTarget "PassMeterTests" */;
			buildPhases = (
				E47CF3432F43ABDE0097A4AC /* Sources */,
				E47CF3442F43ABDE0097A4AC /* Frameworks */,
				E47CF3452F43ABDE0097A4AC /* Resources */,
			);
			buildRules = (
			);
			dependencies = (
				E47CF3492F43ABDE0097A4AC /* PBXTargetDependency */,
			);
			fileSystemSynchronizedGroups = (
				E47CF34A2F43ABDE0097A4AC /* PassMeterTests */,
			);
			name = PassMeterTests;
			packageProductDependencies = (
			);
			productName = PassMeterTests;
			productReference = E47CF3472F43ABDE0097A4AC /* PassMeterTests.xctest */;
			productType = "com.apple.product-type.bundle.unit-test";
		};
		E47CF3502F43ABDE0097A4AC /* PassMeterUITests */ = {
			isa = PBXNativeTarget;
			buildConfigurationList = E47CF3612F43ABDE0097A4AC /* Build configuration list for PBXNativeTarget "PassMeterUITests" */;
			buildPhases = (
				E47CF34D2F43ABDE0097A4AC /* Sources */,
				E47CF34E2F43ABDE0097A4AC /* Frameworks */,
				E47CF34F2F43ABDE0097A4AC /* Resources */,
			);
			buildRules = (
			);
			dependencies = (
				E47CF3532F43ABDE0097A4AC /* PBXTargetDependency */,
			);
			fileSystemSynchronizedGroups = (
				E47CF3542F43ABDE0097A4AC /* PassMeterUITests */,
			);
			name = PassMeterUITests;
			packageProductDependencies = (
			);
			productName = PassMeterUITests;
			productReference = E47CF3512F43ABDE0097A4AC /* PassMeterUITests.xctest */;
			productType = "com.apple.product-type.bundle.ui-testing";
		};
/* End PBXNativeTarget section */

/* Begin PBXProject section */
		E47CF3302F43ABDB0097A4AC /* Project object */ = {
			isa = PBXProject;
			attributes = {
				BuildIndependentTargetsInParallel = 1;
				LastSwiftUpdateCheck = 2620;
				LastUpgradeCheck = 2620;
				TargetAttributes = {
					E46B65952F449138005F5C8A = {
						CreatedOnToolsVersion = 26.2;
					};
					E47CF3372F43ABDB0097A4AC = {
						CreatedOnToolsVersion = 26.2;
					};
					E47CF3462F43ABDE0097A4AC = {
						CreatedOnToolsVersion = 26.2;
						TestTargetID = E47CF3372F43ABDB0097A4AC;
					};
					E47CF3502F43ABDE0097A4AC = {
						CreatedOnToolsVersion = 26.2;
						TestTargetID = E47CF3372F43ABDB0097A4AC;
					};
				};
			};
			buildConfigurationList = E47CF3332F43ABDB0097A4AC /* Build configuration list for PBXProject "PassMeter" */;
			developmentRegion = en;
			hasScannedForEncodings = 0;
			knownRegions = (
				en,
				Base,
			);
			mainGroup = E47CF32F2F43ABDB0097A4AC;
			minimizedProjectReferenceProxies = 1;
			preferredProjectObjectVersion = 77;
			productRefGroup = E47CF3392F43ABDB0097A4AC /* Products */;
			projectDirPath = "";
			projectRoot = "";
			targets = (
				E47CF3372F43ABDB0097A4AC /* PassMeter */,
				E47CF3462F43ABDE0097A4AC /* PassMeterTests */,
				E47CF3502F43ABDE0097A4AC /* PassMeterUITests */,
				E46B65952F449138005F5C8A /* PassMeterWidgetExtension */,
			);
		};
/* End PBXProject section */

/* Begin PBXResourcesBuildPhase section */
		E46B65942F449138005F5C8A /* Resources */ = {
			isa = PBXResourcesBuildPhase;
			buildActionMask = 2147483647;
			files = (
			);
			runOnlyForDeploymentPostprocessing = 0;
		};
		E47CF3362F43ABDB0097A4AC /* Resources */ = {
			isa = PBXResourcesBuildPhase;
			buildActionMask = 2147483647;
			files = (
			);
			runOnlyForDeploymentPostprocessing = 0;
		};
		E47CF3452F43ABDE0097A4AC /* Resources */ = {
			isa = PBXResourcesBuildPhase;
			buildActionMask = 2147483647;
			files = (
			);
			runOnlyForDeploymentPostprocessing = 0;
		};
		E47CF34F2F43ABDE0097A4AC /* Resources */ = {
			isa = PBXResourcesBuildPhase;
			buildActionMask = 2147483647;
			files = (
			);
			runOnlyForDeploymentPostprocessing = 0;
		};
/* End PBXResourcesBuildPhase section */

/* Begin PBXSourcesBuildPhase section */
		E46B65922F449138005F5C8A /* Sources */ = {
			isa = PBXSourcesBuildPhase;
			buildActionMask = 2147483647;
			files = (
			);
			runOnlyForDeploymentPostprocessing = 0;
		};
		E47CF3342F43ABDB0097A4AC /* Sources */ = {
			isa = PBXSourcesBuildPhase;
			buildActionMask = 2147483647;
			files = (
			);
			runOnlyForDeploymentPostprocessing = 0;
		};
		E47CF3432F43ABDE0097A4AC /* Sources */ = {
			isa = PBXSourcesBuildPhase;
			buildActionMask = 2147483647;
			files = (
			);
			runOnlyForDeploymentPostprocessing = 0;
		};
		E47CF34D2F43ABDE0097A4AC /* Sources */ = {
			isa = PBXSourcesBuildPhase;
			buildActionMask = 2147483647;
			files = (
			);
			runOnlyForDeploymentPostprocessing = 0;
		};
/* End PBXSourcesBuildPhase section */

/* Begin PBXTargetDependency section */
		E46B65A92F44913A005F5C8A /* PBXTargetDependency */ = {
			isa = PBXTargetDependency;
			target = E46B65952F449138005F5C8A /* PassMeterWidgetExtension */;
			targetProxy = E46B65A82F44913A005F5C8A /* PBXContainerItemProxy */;
		};
		E47CF3492F43ABDE0097A4AC /* PBXTargetDependency */ = {
			isa = PBXTargetDependency;
			target = E47CF3372F43ABDB0097A4AC /* PassMeter */;
			targetProxy = E47CF3482F43ABDE0097A4AC /* PBXContainerItemProxy */;
		};
		E47CF3532F43ABDE0097A4AC /* PBXTargetDependency */ = {
			isa = PBXTargetDependency;
			target = E47CF3372F43ABDB0097A4AC /* PassMeter */;
			targetProxy = E47CF3522F43ABDE0097A4AC /* PBXContainerItemProxy */;
		};
/* End PBXTargetDependency section */

/* Begin XCBuildConfiguration section */
		E46B65AC2F44913A005F5C8A /* Debug */ = {
			isa = XCBuildConfiguration;
			buildSettings = {
				ASSETCATALOG_COMPILER_GLOBAL_ACCENT_COLOR_NAME = AccentColor;
				ASSETCATALOG_COMPILER_WIDGET_BACKGROUND_COLOR_NAME = WidgetBackground;
				CODE_SIGN_ENTITLEMENTS = PassMeterWidget/PassMeterWidgetExtension.entitlements;
				CODE_SIGN_STYLE = Automatic;
				CURRENT_PROJECT_VERSION = 1;
				DEVELOPMENT_TEAM = 36P74WQ675;
				GENERATE_INFOPLIST_FILE = YES;
				INFOPLIST_FILE = PassMeterWidget/Info.plist;
				INFOPLIST_KEY_CFBundleDisplayName = PassMeterWidget;
				INFOPLIST_KEY_NSHumanReadableCopyright = "";
				IPHONEOS_DEPLOYMENT_TARGET = 26.2;
				LD_RUNPATH_SEARCH_PATHS = (
					"$(inherited)",
					"@executable_path/Frameworks",
					"@executable_path/../../Frameworks",
				);
				MARKETING_VERSION = 1.0;
				PRODUCT_BUNDLE_IDENTIFIER = com.gergelygulyas.PassMeter.PassMeterWidget;
				PRODUCT_NAME = "$(TARGET_NAME)";
				SDKROOT = iphoneos;
				SKIP_INSTALL = YES;
				STRING_CATALOG_GENERATE_SYMBOLS = YES;
				SWIFT_APPROACHABLE_CONCURRENCY = YES;
				SWIFT_EMIT_LOC_STRINGS = YES;
				SWIFT_UPCOMING_FEATURE_MEMBER_IMPORT_VISIBILITY = YES;
				SWIFT_VERSION = 5.0;
				TARGETED_DEVICE_FAMILY = "1,2";
			};
			name = Debug;
		};
		E46B65AD2F44913A005F5C8A /* Release */ = {
			isa = XCBuildConfiguration;
			buildSettings = {
				ASSETCATALOG_COMPILER_GLOBAL_ACCENT_COLOR_NAME = AccentColor;
				ASSETCATALOG_COMPILER_WIDGET_BACKGROUND_COLOR_NAME = WidgetBackground;
				CODE_SIGN_ENTITLEMENTS = PassMeterWidget/PassMeterWidgetExtension.entitlements;
				CODE_SIGN_STYLE = Automatic;
				CURRENT_PROJECT_VERSION = 1;
				DEVELOPMENT_TEAM = 36P74WQ675;
				GENERATE_INFOPLIST_FILE = YES;
				INFOPLIST_FILE = PassMeterWidget/Info.plist;
				INFOPLIST_KEY_CFBundleDisplayName = PassMeterWidget;
				INFOPLIST_KEY_NSHumanReadableCopyright = "";
				IPHONEOS_DEPLOYMENT_TARGET = 26.2;
				LD_RUNPATH_SEARCH_PATHS = (
					"$(inherited)",
					"@executable_path/Frameworks",
					"@executable_path/../../Frameworks",
				);
				MARKETING_VERSION = 1.0;
				PRODUCT_BUNDLE_IDENTIFIER = com.gergelygulyas.PassMeter.PassMeterWidget;
				PRODUCT_NAME = "$(TARGET_NAME)";
				SDKROOT = iphoneos;
				SKIP_INSTALL = YES;
				STRING_CATALOG_GENERATE_SYMBOLS = YES;
				SWIFT_APPROACHABLE_CONCURRENCY = YES;
				SWIFT_EMIT_LOC_STRINGS = YES;
				SWIFT_UPCOMING_FEATURE_MEMBER_IMPORT_VISIBILITY = YES;
				SWIFT_VERSION = 5.0;
				TARGETED_DEVICE_FAMILY = "1,2";
				VALIDATE_PRODUCT = YES;
			};
			name = Release;
		};
		E47CF3592F43ABDE0097A4AC /* Debug */ = {
			isa = XCBuildConfiguration;
			buildSettings = {
				ALWAYS_SEARCH_USER_PATHS = NO;
				ASSETCATALOG_COMPILER_GENERATE_SWIFT_ASSET_SYMBOL_EXTENSIONS = YES;
				CLANG_ANALYZER_NONNULL = YES;
				CLANG_ANALYZER_NUMBER_OBJECT_CONVERSION = YES_AGGRESSIVE;
				CLANG_CXX_LANGUAGE_STANDARD = "gnu++20";
				CLANG_ENABLE_MODULES = YES;
				CLANG_ENABLE_OBJC_ARC = YES;
				CLANG_ENABLE_OBJC_WEAK = YES;
				CLANG_WARN_BLOCK_CAPTURE_AUTORELEASING = YES;
				CLANG_WARN_BOOL_CONVERSION = YES;
				CLANG_WARN_COMMA = YES;
				CLANG_WARN_CONSTANT_CONVERSION = YES;
				CLANG_WARN_DEPRECATED_OBJC_IMPLEMENTATIONS = YES;
				CLANG_WARN_DIRECT_OBJC_ISA_USAGE = YES_ERROR;
				CLANG_WARN_DOCUMENTATION_COMMENTS = YES;
				CLANG_WARN_EMPTY_BODY = YES;
				CLANG_WARN_ENUM_CONVERSION = YES;
				CLANG_WARN_INFINITE_RECURSION = YES;
				CLANG_WARN_INT_CONVERSION = YES;
				CLANG_WARN_NON_LITERAL_NULL_CONVERSION = YES;
				CLANG_WARN_OBJC_IMPLICIT_RETAIN_SELF = YES;
				CLANG_WARN_OBJC_LITERAL_CONVERSION = YES;
				CLANG_WARN_OBJC_ROOT_CLASS = YES_ERROR;
				CLANG_WARN_QUOTED_INCLUDE_IN_FRAMEWORK_HEADER = YES;
				CLANG_WARN_RANGE_LOOP_ANALYSIS = YES;
				CLANG_WARN_STRICT_PROTOTYPES = YES;
				CLANG_WARN_SUSPICIOUS_MOVE = YES;
				CLANG_WARN_UNGUARDED_AVAILABILITY = YES_AGGRESSIVE;
				CLANG_WARN_UNREACHABLE_CODE = YES;
				CLANG_WARN__DUPLICATE_METHOD_MATCH = YES;
				COPY_PHASE_STRIP = NO;
				DEBUG_INFORMATION_FORMAT = dwarf;
				ENABLE_STRICT_OBJC_MSGSEND = YES;
				ENABLE_TESTABILITY = YES;
				ENABLE_USER_SCRIPT_SANDBOXING = YES;
				GCC_C_LANGUAGE_STANDARD = gnu17;
				GCC_DYNAMIC_NO_PIC = NO;
				GCC_NO_COMMON_BLOCKS = YES;
				GCC_OPTIMIZATION_LEVEL = 0;
				GCC_PREPROCESSOR_DEFINITIONS = (
					"DEBUG=1",
					"$(inherited)",
				);
				GCC_WARN_64_TO_32_BIT_CONVERSION = YES;
				GCC_WARN_ABOUT_RETURN_TYPE = YES_ERROR;
				GCC_WARN_UNDECLARED_SELECTOR = YES;
				GCC_WARN_UNINITIALIZED_AUTOS = YES_AGGRESSIVE;
				GCC_WARN_UNUSED_FUNCTION = YES;
				GCC_WARN_UNUSED_VARIABLE = YES;
				LOCALIZATION_PREFERS_STRING_CATALOGS = YES;
				MTL_ENABLE_DEBUG_INFO = INCLUDE_SOURCE;
				MTL_FAST_MATH = YES;
				ONLY_ACTIVE_ARCH = YES;
				SWIFT_ACTIVE_COMPILATION_CONDITIONS = "DEBUG $(inherited)";
				SWIFT_OPTIMIZATION_LEVEL = "-Onone";
			};
			name = Debug;
		};
		E47CF35A2F43ABDE0097A4AC /* Release */ = {
			isa = XCBuildConfiguration;
			buildSettings = {
				ALWAYS_SEARCH_USER_PATHS = NO;
				ASSETCATALOG_COMPILER_GENERATE_SWIFT_ASSET_SYMBOL_EXTENSIONS = YES;
				CLANG_ANALYZER_NONNULL = YES;
				CLANG_ANALYZER_NUMBER_OBJECT_CONVERSION = YES_AGGRESSIVE;
				CLANG_CXX_LANGUAGE_STANDARD = "gnu++20";
				CLANG_ENABLE_MODULES = YES;
				CLANG_ENABLE_OBJC_ARC = YES;
				CLANG_ENABLE_OBJC_WEAK = YES;
				CLANG_WARN_BLOCK_CAPTURE_AUTORELEASING = YES;
				CLANG_WARN_BOOL_CONVERSION = YES;
				CLANG_WARN_COMMA = YES;
				CLANG_WARN_CONSTANT_CONVERSION = YES;
				CLANG_WARN_DEPRECATED_OBJC_IMPLEMENTATIONS = YES;
				CLANG_WARN_DIRECT_OBJC_ISA_USAGE = YES_ERROR;
				CLANG_WARN_DOCUMENTATION_COMMENTS = YES;
				CLANG_WARN_EMPTY_BODY = YES;
				CLANG_WARN_ENUM_CONVERSION = YES;
				CLANG_WARN_INFINITE_RECURSION = YES;
				CLANG_WARN_INT_CONVERSION = YES;
				CLANG_WARN_NON_LITERAL_NULL_CONVERSION = YES;
				CLANG_WARN_OBJC_IMPLICIT_RETAIN_SELF = YES;
				CLANG_WARN_OBJC_LITERAL_CONVERSION = YES;
				CLANG_WARN_OBJC_ROOT_CLASS = YES_ERROR;
				CLANG_WARN_QUOTED_INCLUDE_IN_FRAMEWORK_HEADER = YES;
				CLANG_WARN_RANGE_LOOP_ANALYSIS = YES;
				CLANG_WARN_STRICT_PROTOTYPES = YES;
				CLANG_WARN_SUSPICIOUS_MOVE = YES;
				CLANG_WARN_UNGUARDED_AVAILABILITY = YES_AGGRESSIVE;
				CLANG_WARN_UNREACHABLE_CODE = YES;
				CLANG_WARN__DUPLICATE_METHOD_MATCH = YES;
				COPY_PHASE_STRIP = NO;
				DEBUG_INFORMATION_FORMAT = "dwarf-with-dsym";
				ENABLE_NS_ASSERTIONS = NO;
				ENABLE_STRICT_OBJC_MSGSEND = YES;
				ENABLE_USER_SCRIPT_SANDBOXING = YES;
				GCC_C_LANGUAGE_STANDARD = gnu17;
				GCC_NO_COMMON_BLOCKS = YES;
				GCC_WARN_64_TO_32_BIT_CONVERSION = YES;
				GCC_WARN_ABOUT_RETURN_TYPE = YES_ERROR;
				GCC_WARN_UNDECLARED_SELECTOR = YES;
				GCC_WARN_UNINITIALIZED_AUTOS = YES_AGGRESSIVE;
				GCC_WARN_UNUSED_FUNCTION = YES;
				GCC_WARN_UNUSED_VARIABLE = YES;
				LOCALIZATION_PREFERS_STRING_CATALOGS = YES;
				MTL_ENABLE_DEBUG_INFO = NO;
				MTL_FAST_MATH = YES;
				SWIFT_COMPILATION_MODE = wholemodule;
			};
			name = Release;
		};
		E47CF35C2F43ABDE0097A4AC /* Debug */ = {
			isa = XCBuildConfiguration;
			buildSettings = {
				ASSETCATALOG_COMPILER_APPICON_NAME = AppIcon;
				ASSETCATALOG_COMPILER_GLOBAL_ACCENT_COLOR_NAME = AccentColor;
				ASSETCATALOG_COMPILER_INCLUDE_ALL_APPICON_ASSETS = YES;
				CODE_SIGN_ENTITLEMENTS = PassMeter/PassMeter.entitlements;
				CODE_SIGN_STYLE = Automatic;
				CURRENT_PROJECT_VERSION = 1;
				DEVELOPMENT_TEAM = 36P74WQ675;
				ENABLE_APP_SANDBOX = YES;
				ENABLE_PREVIEWS = YES;
				ENABLE_USER_SELECTED_FILES = readonly;
				GENERATE_INFOPLIST_FILE = YES;
				INFOPLIST_KEY_CFBundleDisplayName = PassMeter;
				INFOPLIST_KEY_LSApplicationCategoryType = "public.app-category.productivity";
				"INFOPLIST_KEY_UIApplicationSceneManifest_Generation[sdk=iphoneos*]" = YES;
				"INFOPLIST_KEY_UIApplicationSceneManifest_Generation[sdk=iphonesimulator*]" = YES;
				"INFOPLIST_KEY_UIApplicationSupportsIndirectInputEvents[sdk=iphoneos*]" = YES;
				"INFOPLIST_KEY_UIApplicationSupportsIndirectInputEvents[sdk=iphonesimulator*]" = YES;
				"INFOPLIST_KEY_UILaunchScreen_Generation[sdk=iphoneos*]" = YES;
				"INFOPLIST_KEY_UILaunchScreen_Generation[sdk=iphonesimulator*]" = YES;
				"INFOPLIST_KEY_UIStatusBarStyle[sdk=iphoneos*]" = UIStatusBarStyleDefault;
				"INFOPLIST_KEY_UIStatusBarStyle[sdk=iphonesimulator*]" = UIStatusBarStyleDefault;
				INFOPLIST_KEY_UISupportedInterfaceOrientations = UIInterfaceOrientationPortrait;
				IPHONEOS_DEPLOYMENT_TARGET = 18.6;
				LD_RUNPATH_SEARCH_PATHS = "@executable_path/Frameworks";
				"LD_RUNPATH_SEARCH_PATHS[sdk=macosx*]" = "@executable_path/../Frameworks";
				MACOSX_DEPLOYMENT_TARGET = 15.7;
				MARKETING_VERSION = 1.0;
				PRODUCT_BUNDLE_IDENTIFIER = com.gergelygulyas.PassMeter;
				PRODUCT_NAME = "$(TARGET_NAME)";
				REGISTER_APP_GROUPS = YES;
				SDKROOT = auto;
				STRING_CATALOG_GENERATE_SYMBOLS = YES;
				SUPPORTED_PLATFORMS = "iphoneos iphonesimulator";
				SUPPORTS_MACCATALYST = NO;
				SWIFT_APPROACHABLE_CONCURRENCY = YES;
				SWIFT_DEFAULT_ACTOR_ISOLATION = MainActor;
				SWIFT_EMIT_LOC_STRINGS = YES;
				SWIFT_UPCOMING_FEATURE_MEMBER_IMPORT_VISIBILITY = YES;
				SWIFT_VERSION = 5.0;
				TARGETED_DEVICE_FAMILY = "1,2";
				XROS_DEPLOYMENT_TARGET = 26.2;
			};
			name = Debug;
		};
		E47CF35D2F43ABDE0097A4AC /* Release */ = {
			isa = XCBuildConfiguration;
			buildSettings = {
				ASSETCATALOG_COMPILER_APPICON_NAME = AppIcon;
				ASSETCATALOG_COMPILER_GLOBAL_ACCENT_COLOR_NAME = AccentColor;
				ASSETCATALOG_COMPILER_INCLUDE_ALL_APPICON_ASSETS = YES;
				CODE_SIGN_ENTITLEMENTS = PassMeter/PassMeter.entitlements;
				CODE_SIGN_STYLE = Automatic;
				CURRENT_PROJECT_VERSION = 1;
				DEVELOPMENT_TEAM = 36P74WQ675;
				ENABLE_APP_SANDBOX = YES;
				ENABLE_PREVIEWS = YES;
				ENABLE_USER_SELECTED_FILES = readonly;
				GENERATE_INFOPLIST_FILE = YES;
				INFOPLIST_KEY_CFBundleDisplayName = PassMeter;
				INFOPLIST_KEY_LSApplicationCategoryType = "public.app-category.productivity";
				"INFOPLIST_KEY_UIApplicationSceneManifest_Generation[sdk=iphoneos*]" = YES;
				"INFOPLIST_KEY_UIApplicationSceneManifest_Generation[sdk=iphonesimulator*]" = YES;
				"INFOPLIST_KEY_UIApplicationSupportsIndirectInputEvents[sdk=iphoneos*]" = YES;
				"INFOPLIST_KEY_UIApplicationSupportsIndirectInputEvents[sdk=iphonesimulator*]" = YES;
				"INFOPLIST_KEY_UILaunchScreen_Generation[sdk=iphoneos*]" = YES;
				"INFOPLIST_KEY_UILaunchScreen_Generation[sdk=iphonesimulator*]" = YES;
				"INFOPLIST_KEY_UIStatusBarStyle[sdk=iphoneos*]" = UIStatusBarStyleDefault;
				"INFOPLIST_KEY_UIStatusBarStyle[sdk=iphonesimulator*]" = UIStatusBarStyleDefault;
				INFOPLIST_KEY_UISupportedInterfaceOrientations = UIInterfaceOrientationPortrait;
				IPHONEOS_DEPLOYMENT_TARGET = 18.6;
				LD_RUNPATH_SEARCH_PATHS = "@executable_path/Frameworks";
				"LD_RUNPATH_SEARCH_PATHS[sdk=macosx*]" = "@executable_path/../Frameworks";
				MACOSX_DEPLOYMENT_TARGET = 15.7;
				MARKETING_VERSION = 1.0;
				PRODUCT_BUNDLE_IDENTIFIER = com.gergelygulyas.PassMeter;
				PRODUCT_NAME = "$(TARGET_NAME)";
				REGISTER_APP_GROUPS = YES;
				SDKROOT = auto;
				STRING_CATALOG_GENERATE_SYMBOLS = YES;
				SUPPORTED_PLATFORMS = "iphoneos iphonesimulator";
				SUPPORTS_MACCATALYST = NO;
				SWIFT_APPROACHABLE_CONCURRENCY = YES;
				SWIFT_DEFAULT_ACTOR_ISOLATION = MainActor;
				SWIFT_EMIT_LOC_STRINGS = YES;
				SWIFT_UPCOMING_FEATURE_MEMBER_IMPORT_VISIBILITY = YES;
				SWIFT_VERSION = 5.0;
				TARGETED_DEVICE_FAMILY = "1,2";
				XROS_DEPLOYMENT_TARGET = 26.2;
			};
			name = Release;
		};
		E47CF35F2F43ABDE0097A4AC /* Debug */ = {
			isa = XCBuildConfiguration;
			buildSettings = {
				BUNDLE_LOADER = "$(TEST_HOST)";
				CODE_SIGN_STYLE = Automatic;
				CURRENT_PROJECT_VERSION = 1;
				GENERATE_INFOPLIST_FILE = YES;
				IPHONEOS_DEPLOYMENT_TARGET = 26.2;
				MACOSX_DEPLOYMENT_TARGET = 15.7;
				MARKETING_VERSION = 1.0;
				PRODUCT_BUNDLE_IDENTIFIER = com.gergelygulyas.PassMeterTests;
				PRODUCT_NAME = "$(TARGET_NAME)";
				SDKROOT = auto;
				STRING_CATALOG_GENERATE_SYMBOLS = NO;
				SUPPORTED_PLATFORMS = "iphoneos iphonesimulator macosx xros xrsimulator";
				SWIFT_APPROACHABLE_CONCURRENCY = YES;
				SWIFT_EMIT_LOC_STRINGS = NO;
				SWIFT_UPCOMING_FEATURE_MEMBER_IMPORT_VISIBILITY = YES;
				SWIFT_VERSION = 5.0;
				TARGETED_DEVICE_FAMILY = "1,2,7";
				TEST_HOST = "$(BUILT_PRODUCTS_DIR)/PassMeter.app/$(BUNDLE_EXECUTABLE_FOLDER_PATH)/PassMeter";
				XROS_DEPLOYMENT_TARGET = 26.2;
			};
			name = Debug;
		};
		E47CF3602F43ABDE0097A4AC /* Release */ = {
			isa = XCBuildConfiguration;
			buildSettings = {
				BUNDLE_LOADER = "$(TEST_HOST)";
				CODE_SIGN_STYLE = Automatic;
				CURRENT_PROJECT_VERSION = 1;
				GENERATE_INFOPLIST_FILE = YES;
				IPHONEOS_DEPLOYMENT_TARGET = 26.2;
				MACOSX_DEPLOYMENT_TARGET = 15.7;
				MARKETING_VERSION = 1.0;
				PRODUCT_BUNDLE_IDENTIFIER = com.gergelygulyas.PassMeterTests;
				PRODUCT_NAME = "$(TARGET_NAME)";
				SDKROOT = auto;
				STRING_CATALOG_GENERATE_SYMBOLS = NO;
				SUPPORTED_PLATFORMS = "iphoneos iphonesimulator macosx xros xrsimulator";
				SWIFT_APPROACHABLE_CONCURRENCY = YES;
				SWIFT_EMIT_LOC_STRINGS = NO;
				SWIFT_UPCOMING_FEATURE_MEMBER_IMPORT_VISIBILITY = YES;
				SWIFT_VERSION = 5.0;
				TARGETED_DEVICE_FAMILY = "1,2,7";
				TEST_HOST = "$(BUILT_PRODUCTS_DIR)/PassMeter.app/$(BUNDLE_EXECUTABLE_FOLDER_PATH)/PassMeter";
				XROS_DEPLOYMENT_TARGET = 26.2;
			};
			name = Release;
		};
		E47CF3622F43ABDE0097A4AC /* Debug */ = {
			isa = XCBuildConfiguration;
			buildSettings = {
				CODE_SIGN_STYLE = Automatic;
				CURRENT_PROJECT_VERSION = 1;
				GENERATE_INFOPLIST_FILE = YES;
				IPHONEOS_DEPLOYMENT_TARGET = 26.2;
				MACOSX_DEPLOYMENT_TARGET = 15.7;
				MARKETING_VERSION = 1.0;
				PRODUCT_BUNDLE_IDENTIFIER = com.gergelygulyas.PassMeterUITests;
				PRODUCT_NAME = "$(TARGET_NAME)";
				SDKROOT = auto;
				STRING_CATALOG_GENERATE_SYMBOLS = NO;
				SUPPORTED_PLATFORMS = "iphoneos iphonesimulator macosx xros xrsimulator";
				SWIFT_APPROACHABLE_CONCURRENCY = YES;
				SWIFT_EMIT_LOC_STRINGS = NO;
				SWIFT_UPCOMING_FEATURE_MEMBER_IMPORT_VISIBILITY = YES;
				SWIFT_VERSION = 5.0;
				TARGETED_DEVICE_FAMILY = "1,2,7";
				TEST_TARGET_NAME = PassMeter;
				XROS_DEPLOYMENT_TARGET = 26.2;
			};
			name = Debug;
		};
		E47CF3632F43ABDE0097A4AC /* Release */ = {
			isa = XCBuildConfiguration;
			buildSettings = {
				CODE_SIGN_STYLE = Automatic;
				CURRENT_PROJECT_VERSION = 1;
				GENERATE_INFOPLIST_FILE = YES;
				IPHONEOS_DEPLOYMENT_TARGET = 26.2;
				MACOSX_DEPLOYMENT_TARGET = 15.7;
				MARKETING_VERSION = 1.0;
				PRODUCT_BUNDLE_IDENTIFIER = com.gergelygulyas.PassMeterUITests;
				PRODUCT_NAME = "$(TARGET_NAME)";
				SDKROOT = auto;
				STRING_CATALOG_GENERATE_SYMBOLS = NO;
				SUPPORTED_PLATFORMS = "iphoneos iphonesimulator macosx xros xrsimulator";
				SWIFT_APPROACHABLE_CONCURRENCY = YES;
				SWIFT_EMIT_LOC_STRINGS = NO;
				SWIFT_UPCOMING_FEATURE_MEMBER_IMPORT_VISIBILITY = YES;
				SWIFT_VERSION = 5.0;
				TARGETED_DEVICE_FAMILY = "1,2,7";
				TEST_TARGET_NAME = PassMeter;
				XROS_DEPLOYMENT_TARGET = 26.2;
			};
			name = Release;
		};
/* End XCBuildConfiguration section */

/* Begin XCConfigurationList section */
		E46B65AF2F44913A005F5C8A /* Build configuration list for PBXNativeTarget "PassMeterWidgetExtension" */ = {
			isa = XCConfigurationList;
			buildConfigurations = (
				E46B65AC2F44913A005F5C8A /* Debug */,
				E46B65AD2F44913A005F5C8A /* Release */,
			);
			defaultConfigurationIsVisible = 0;
			defaultConfigurationName = Release;
		};
		E47CF3332F43ABDB0097A4AC /* Build configuration list for PBXProject "PassMeter" */ = {
			isa = XCConfigurationList;
			buildConfigurations = (
				E47CF3592F43ABDE0097A4AC /* Debug */,
				E47CF35A2F43ABDE0097A4AC /* Release */,
			);
			defaultConfigurationIsVisible = 0;
			defaultConfigurationName = Release;
		};
		E47CF35B2F43ABDE0097A4AC /* Build configuration list for PBXNativeTarget "PassMeter" */ = {
			isa = XCConfigurationList;
			buildConfigurations = (
				E47CF35C2F43ABDE0097A4AC /* Debug */,
				E47CF35D2F43ABDE0097A4AC /* Release */,
			);
			defaultConfigurationIsVisible = 0;
			defaultConfigurationName = Release;
		};
		E47CF35E2F43ABDE0097A4AC /* Build configuration list for PBXNativeTarget "PassMeterTests" */ = {
			isa = XCConfigurationList;
			buildConfigurations = (
				E47CF35F2F43ABDE0097A4AC /* Debug */,
				E47CF3602F43ABDE0097A4AC /* Release */,
			);
			defaultConfigurationIsVisible = 0;
			defaultConfigurationName = Release;
		};
		E47CF3612F43ABDE0097A4AC /* Build configuration list for PBXNativeTarget "PassMeterUITests" */ = {
			isa = XCConfigurationList;
			buildConfigurations = (
				E47CF3622F43ABDE0097A4AC /* Debug */,
				E47CF3632F43ABDE0097A4AC /* Release */,
			);
			defaultConfigurationIsVisible = 0;
			defaultConfigurationName = Release;
		};
/* End XCConfigurationList section */
	};
	rootObject = E47CF3302F43ABDB0097A4AC /* Project object */;
}
